# THIS IS AN AUTOGENERATED FILE. DO NOT EDIT THIS FILE DIRECTLY.
# yarn lockfile v1


"@esbuild/aix-ppc64@0.27.7":
  version "0.27.7"
  resolved "https://registry.yarnpkg.com/@esbuild/aix-ppc64/-/aix-ppc64-0.27.7.tgz#82b74f92aa78d720b714162939fb248c90addf53"
  integrity sha512-EKX3Qwmhz1eMdEJokhALr0YiD0lhQNwDqkPYyPhiSwKrh7/4KRjQc04sZ8db+5DVVnZ1LmbNDI1uAMPEUBnQPg==

"@esbuild/android-arm64@0.27.7":
  version "0.27.7"
  resolved "https://registry.yarnpkg.com/@esbuild/android-arm64/-/android-arm64-0.27.7.tgz#f78cb8a3121fc205a53285adb24972db385d185d"
  integrity sha512-62dPZHpIXzvChfvfLJow3q5dDtiNMkwiRzPylSCfriLvZeq0a1bWChrGx/BbUbPwOrsWKMn8idSllklzBy+dgQ==

"@esbuild/android-arm@0.27.7":
  version "0.27.7"
  resolved "https://registry.yarnpkg.com/@esbuild/android-arm/-/android-arm-0.27.7.tgz#593e10a1450bbfcac6cb321f61f468453bac209d"
  integrity sha512-jbPXvB4Yj2yBV7HUfE2KHe4GJX51QplCN1pGbYjvsyCZbQmies29EoJbkEc+vYuU5o45AfQn37vZlyXy4YJ8RQ==

"@esbuild/android-x64@0.27.7":
  version "0.27.7"
  resolved "https://registry.yarnpkg.com/@esbuild/android-x64/-/android-x64-0.27.7.tgz#453143d073326033d2d22caf9e48de4bae274b07"
  integrity sha512-x5VpMODneVDb70PYV2VQOmIUUiBtY3D3mPBG8NxVk5CogneYhkR7MmM3yR/uMdITLrC1ml/NV1rj4bMJuy9MCg==

"@esbuild/darwin-arm64@0.27.7":
  version "0.27.7"
  resolved "https://registry.yarnpkg.com/@esbuild/darwin-arm64/-/darwin-arm64-0.27.7.tgz#6f23000fb9b40b7e04b7d0606c0693bd0632f322"
  integrity sha512-5lckdqeuBPlKUwvoCXIgI2D9/ABmPq3Rdp7IfL70393YgaASt7tbju3Ac+ePVi3KDH6N2RqePfHnXkaDtY9fkw==

"@esbuild/darwin-x64@0.27.7":
  version "0.27.7"
  resolved "https://registry.yarnpkg.com/@esbuild/darwin-x64/-/darwin-x64-0.27.7.tgz#27393dd18bb1263c663979c5f1576e00c2d024be"
  integrity sha512-rYnXrKcXuT7Z+WL5K980jVFdvVKhCHhUwid+dDYQpH+qu+TefcomiMAJpIiC2EM3Rjtq0sO3StMV/+3w3MyyqQ==

"@esbuild/freebsd-arm64@0.27.7":
  version "0.27.7"
  resolved "https://registry.yarnpkg.com/@esbuild/freebsd-arm64/-/freebsd-arm64-0.27.7.tgz#22e4638fa502d1c0027077324c97640e3adf3a62"
  integrity sha512-B48PqeCsEgOtzME2GbNM2roU29AMTuOIN91dsMO30t+Ydis3z/3Ngoj5hhnsOSSwNzS+6JppqWsuhTp6E82l2w==

"@esbuild/freebsd-x64@0.27.7":
  version "0.27.7"
  resolved "https://registry.yarnpkg.com/@esbuild/freebsd-x64/-/freebsd-x64-0.27.7.tgz#9224b8e4fea924ce2194e3efc3e9aebf822192d6"
  integrity sha512-jOBDK5XEjA4m5IJK3bpAQF9/Lelu/Z9ZcdhTRLf4cajlB+8VEhFFRjWgfy3M1O4rO2GQ/b2dLwCUGpiF/eATNQ==

"@esbuild/linux-arm64@0.27.7":
  version "0.27.7"
  resolved "https://registry.yarnpkg.com/@esbuild/linux-arm64/-/linux-arm64-0.27.7.tgz#4f5d1c27527d817b35684ae21419e57c2bda0966"
  integrity sha512-RZPHBoxXuNnPQO9rvjh5jdkRmVizktkT7TCDkDmQ0W2SwHInKCAV95GRuvdSvA7w4VMwfCjUiPwDi0ZO6Nfe9A==

"@esbuild/linux-arm@0.27.7":
  version "0.27.7"
  resolved "https://registry.yarnpkg.com/@esbuild/linux-arm/-/linux-arm-0.27.7.tgz#b9e9d070c8c1c0449cf12b20eac37d70a4595921"
  integrity sha512-RkT/YXYBTSULo3+af8Ib0ykH8u2MBh57o7q/DAs3lTJlyVQkgQvlrPTnjIzzRPQyavxtPtfg0EopvDyIt0j1rA==

"@esbuild/linux-ia32@0.27.7":
  version "0.27.7"
  resolved "https://registry.yarnpkg.com/@esbuild/linux-ia32/-/linux-ia32-0.27.7.tgz#3f80fb696aa96051a94047f35c85b08b21c36f9e"
  integrity sha512-GA48aKNkyQDbd3KtkplYWT102C5sn/EZTY4XROkxONgruHPU72l+gW+FfF8tf2cFjeHaRbWpOYa/uRBz/Xq1Pg==

"@esbuild/linux-loong64@0.27.7":
  version "0.27.7"
  resolved "https://registry.yarnpkg.com/@esbuild/linux-loong64/-/linux-loong64-0.27.7.tgz#9be1f2c28210b13ebb4156221bba356fe1675205"
  integrity sha512-a4POruNM2oWsD4WKvBSEKGIiWQF8fZOAsycHOt6JBpZ+JN2n2JH9WAv56SOyu9X5IqAjqSIPTaJkqN8F7XOQ5Q==

"@esbuild/linux-mips64el@0.27.7":
  version "0.27.7"
  resolved "https://registry.yarnpkg.com/@esbuild/linux-mips64el/-/linux-mips64el-0.27.7.tgz#4ab5ee67a3dfcbcb5e8fd7883dae6e735b1163b8"
  integrity sha512-KabT5I6StirGfIz0FMgl1I+R1H73Gp0ofL9A3nG3i/cYFJzKHhouBV5VWK1CSgKvVaG4q1RNpCTR2LuTVB3fIw==

"@esbuild/linux-ppc64@0.27.7":
  version "0.27.7"
  resolved "https://registry.yarnpkg.com/@esbuild/linux-ppc64/-/linux-ppc64-0.27.7.tgz#dac78c689f6499459c4321e5c15032c12307e7ea"
  integrity sha512-gRsL4x6wsGHGRqhtI+ifpN/vpOFTQtnbsupUF5R5YTAg+y/lKelYR1hXbnBdzDjGbMYjVJLJTd2OFmMewAgwlQ==

"@esbuild/linux-riscv64@0.27.7":
  version "0.27.7"
  resolved "https://registry.yarnpkg.com/@esbuild/linux-riscv64/-/linux-riscv64-0.27.7.tgz#050f7d3b355c3a98308e935bc4d6325da91b0027"
  integrity sha512-hL25LbxO1QOngGzu2U5xeXtxXcW+/GvMN3ejANqXkxZ/opySAZMrc+9LY/WyjAan41unrR3YrmtTsUpwT66InQ==

"@esbuild/linux-s390x@0.27.7":
  version "0.27.7"
  resolved "https://registry.yarnpkg.com/@esbuild/linux-s390x/-/linux-s390x-0.27.7.tgz#d61f715ce61d43fe5844ad0d8f463f88cbe4fef6"
  integrity sha512-2k8go8Ycu1Kb46vEelhu1vqEP+UeRVj2zY1pSuPdgvbd5ykAw82Lrro28vXUrRmzEsUV0NzCf54yARIK8r0fdw==

"@esbuild/linux-x64@0.27.7":
  version "0.27.7"
  resolved "https://registry.yarnpkg.com/@esbuild/linux-x64/-/linux-x64-0.27.7.tgz#ca8e1aa478fc8209257bf3ac8f79c4dc2982f32a"
  integrity sha512-hzznmADPt+OmsYzw1EE33ccA+HPdIqiCRq7cQeL1Jlq2gb1+OyWBkMCrYGBJ+sxVzve2ZJEVeePbLM2iEIZSxA==

"@esbuild/netbsd-arm64@0.27.7":
  version "0.27.7"
  resolved "https://registry.yarnpkg.com/@esbuild/netbsd-arm64/-/netbsd-arm64-0.27.7.tgz#1650f2c1b948deeb3ef948f2fc30614723c09690"
  integrity sha512-b6pqtrQdigZBwZxAn1UpazEisvwaIDvdbMbmrly7cDTMFnw/+3lVxxCTGOrkPVnsYIosJJXAsILG9XcQS+Yu6w==

"@esbuild/netbsd-x64@0.27.7":
  version "0.27.7"
  resolved "https://registry.yarnpkg.com/@esbuild/netbsd-x64/-/netbsd-x64-0.27.7.tgz#65772ab342c4b3319bf0705a211050aac1b6e320"
  integrity sha512-OfatkLojr6U+WN5EDYuoQhtM+1xco+/6FSzJJnuWiUw5eVcicbyK3dq5EeV/QHT1uy6GoDhGbFpprUiHUYggrw==

"@esbuild/openbsd-arm64@0.27.7":
  version "0.27.7"
  resolved "https://registry.yarnpkg.com/@esbuild/openbsd-arm64/-/openbsd-arm64-0.27.7.tgz#37ed7cfa66549d7955852fce37d0c3de4e715ea1"
  integrity sha512-AFuojMQTxAz75Fo8idVcqoQWEHIXFRbOc1TrVcFSgCZtQfSdc1RXgB3tjOn/krRHENUB4j00bfGjyl2mJrU37A==

"@esbuild/openbsd-x64@0.27.7":
  version "0.27.7"
  resolved "https://registry.yarnpkg.com/@esbuild/openbsd-x64/-/openbsd-x64-0.27.7.tgz#01bf3d385855ef50cb33db7c4b52f957c34cd179"
  integrity sha512-+A1NJmfM8WNDv5CLVQYJ5PshuRm/4cI6WMZRg1by1GwPIQPCTs1GLEUHwiiQGT5zDdyLiRM/l1G0Pv54gvtKIg==

"@esbuild/openharmony-arm64@0.27.7":
  version "0.27.7"
  resolved "https://registry.yarnpkg.com/@esbuild/openharmony-arm64/-/openharmony-arm64-0.27.7.tgz#6c1f94b34086599aabda4eac8f638294b9877410"
  integrity sha512-+KrvYb/C8zA9CU/g0sR6w2RBw7IGc5J2BPnc3dYc5VJxHCSF1yNMxTV5LQ7GuKteQXZtspjFbiuW5/dOj7H4Yw==

"@esbuild/sunos-x64@0.27.7":
  version "0.27.7"
  resolved "https://registry.yarnpkg.com/@esbuild/sunos-x64/-/sunos-x64-0.27.7.tgz#4b0dd17ae0a6941d2d0fd35a906392517071a90d"
  integrity sha512-ikktIhFBzQNt/QDyOL580ti9+5mL/YZeUPKU2ivGtGjdTYoqz6jObj6nOMfhASpS4GU4Q/Clh1QtxWAvcYKamA==

"@esbuild/win32-arm64@0.27.7":
  version "0.27.7"
  resolved "https://registry.yarnpkg.com/@esbuild/win32-arm64/-/win32-arm64-0.27.7.tgz#34193ab5565d6ff68ca928ac04be75102ccb2e77"
  integrity sha512-7yRhbHvPqSpRUV7Q20VuDwbjW5kIMwTHpptuUzV+AA46kiPze5Z7qgt6CLCK3pWFrHeNfDd1VKgyP4O+ng17CA==

"@esbuild/win32-ia32@0.27.7":
  version "0.27.7"
  resolved "https://registry.yarnpkg.com/@esbuild/win32-ia32/-/win32-ia32-0.27.7.tgz#eb67f0e4482515d8c1894ede631c327a4da9fc4d"
  integrity sha512-SmwKXe6VHIyZYbBLJrhOoCJRB/Z1tckzmgTLfFYOfpMAx63BJEaL9ExI8x7v0oAO3Zh6D/Oi1gVxEYr5oUCFhw==

"@esbuild/win32-x64@0.27.7":
  version "0.27.7"
  resolved "https://registry.yarnpkg.com/@esbuild/win32-x64/-/win32-x64-0.27.7.tgz#8fe30b3088b89b4873c3a6cc87597ae3920c0a8b"
  integrity sha512-56hiAJPhwQ1R4i+21FVF7V8kSD5zZTdHcVuRFMW0hn753vVfQN8xlx4uOPT4xoGH0Z/oVATuR82AiqSTDIpaHg==

"@orpc/client@1.13.13", "@orpc/client@^1.13.0":
  version "1.13.13"
  resolved "https://registry.yarnpkg.com/@orpc/client/-/client-1.13.13.tgz#2abcc4709226fa81996c02ab937655b1afc5ab82"
  integrity sha512-jagx/Sa+9K4HEC5lBrUlMSrmR/06hvZctWh93/sKZc8GBk4zM0+71oT1kXQVw1oRYFV2XAq3xy3m6NdM6gfKYA==
  dependencies:
    "@orpc/shared" "1.13.13"
    "@orpc/standard-server" "1.13.13"
    "@orpc/standard-server-fetch" "1.13.13"
    "@orpc/standard-server-peer" "1.13.13"

"@orpc/contract@1.13.13", "@orpc/contract@^1.13.0":
  version "1.13.13"
  resolved "https://registry.yarnpkg.com/@orpc/contract/-/contract-1.13.13.tgz#f95ebf1f435998d065f11fce49dce861113aa538"
  integrity sha512-md6iyrYkePBSJNs1VnVEEnAUORMDPHIf3JGRSHxyssIcNakev/iOjP0HvpH0Sx0MlTBhihAJo6uFL8Vpth58Nw==
  dependencies:
    "@orpc/client" "1.13.13"
    "@orpc/shared" "1.13.13"
    "@standard-schema/spec" "^1.1.0"
    openapi-types "^12.1.3"

"@orpc/interop@1.13.13":
  version "1.13.13"
  resolved "https://registry.yarnpkg.com/@orpc/interop/-/interop-1.13.13.tgz#6e0776a852c29af0d783d80dae96d0775c183c5d"
  integrity sha512-S8edIRA7ekD3/gHx5MrsO9CxZ0QvCaVDkVbNf42SZbLYPXuvxtdH0CYwaB1q9uQg2Jk0PBP8AquLH6WFwjMSbQ==

"@orpc/react-query@^1.13.0":
  version "1.13.13"
  resolved "https://registry.yarnpkg.com/@orpc/react-query/-/react-query-1.13.13.tgz#594fdf45c384ddee2fb0217631a92c208d085851"
  integrity sha512-/6dBJAjMVrtQ3Hw0631NavoYl+wrT/c1o67Wm3GXro2Ajlzr4gM+eKsTZ5o4a3tiOM+f2HwcIMUYsbBcMI+H9A==
  dependencies:
    "@orpc/shared" "1.13.13"
    "@orpc/tanstack-query" "1.13.13"

"@orpc/server@^1.13.0":
  version "1.13.13"
  resolved "https://registry.yarnpkg.com/@orpc/server/-/server-1.13.13.tgz#9e5ea1a7d29a882eb43b60e3098b13a1f2e43439"
  integrity sha512-l3OfiaqfLiLQqamXufKiEzT8K9Zq8VHvijADV5eDJOaz6sFzK1Mg6q2D8l9wcmuyG7ga0HfMT+cf3JQsh5WDIA==
  dependencies:
    "@orpc/client" "1.13.13"
    "@orpc/contract" "1.13.13"
    "@orpc/interop" "1.13.13"
    "@orpc/shared" "1.13.13"
    "@orpc/standard-server" "1.13.13"
    "@orpc/standard-server-aws-lambda" "1.13.13"
    "@orpc/standard-server-fastify" "1.13.13"
    "@orpc/standard-server-fetch" "1.13.13"
    "@orpc/standard-server-node" "1.13.13"
    "@orpc/standard-server-peer" "1.13.13"
    cookie "^1.1.1"

"@orpc/shared@1.13.13":
  version "1.13.13"
  resolved "https://registry.yarnpkg.com/@orpc/shared/-/shared-1.13.13.tgz#44b0db1ad5a0f08ba8ebb520b003d09568d0323e"
  integrity sha512-kNpYOBjHvmgKHla6munWOaEeA0utEfAvoiZpXjiRjjt1RxTibdwQvVHgxRIBNMXfQsb+ON3Q/wDkoaUhvvSnIw==
  dependencies:
    radash "^12.1.1"
    type-fest "^5.4.4"

"@orpc/standard-server-aws-lambda@1.13.13":
  version "1.13.13"
  resolved "https://registry.yarnpkg.com/@orpc/standard-server-aws-lambda/-/standard-server-aws-lambda-1.13.13.tgz#34136b3a902e9ca4e96d1f4f3514c4702e2affd4"
  integrity sha512-e7310DnN6FSpRgR5gQpwvwg2B3uR+NoT7qlnyQWsjxQGr95L4GST3hRNSsQdQyXmFx1jvCCp0i3kAE9SJyvU6A==
  dependencies:
    "@orpc/shared" "1.13.13"
    "@orpc/standard-server" "1.13.13"
    "@orpc/standard-server-fetch" "1.13.13"
    "@orpc/standard-server-node" "1.13.13"

"@orpc/standard-server-fastify@1.13.13":
  version "1.13.13"
  resolved "https://registry.yarnpkg.com/@orpc/standard-server-fastify/-/standard-server-fastify-1.13.13.tgz#c1042eb09570ef918adf35732069327087b9bf04"
  integrity sha512-G5Sq+rZDPwHvWJHsAA6bYWoJ7LcGyBby+SjjEGwz+viRdBk/inZnZafKpM+pL89aDdq6iw99Bcbug5WFPP6KdA==
  dependencies:
    "@orpc/shared" "1.13.13"
    "@orpc/standard-server" "1.13.13"
    "@orpc/standard-server-node" "1.13.13"

"@orpc/standard-server-fetch@1.13.13":
  version "1.13.13"
  resolved "https://registry.yarnpkg.com/@orpc/standard-server-fetch/-/standard-server-fetch-1.13.13.tgz#da1d8dbd706aa67a13c860ee1da2d4b462c1e870"
  integrity sha512-Lffy26+WtCQkwOUacsrdyeJF1GNzrhm75O3LXKVFXqmSdyVVdyI6zuqLn/YKGODU2L9IqGxZ2CwsV2tE298SSA==
  dependencies:
    "@orpc/shared" "1.13.13"
    "@orpc/standard-server" "1.13.13"

"@orpc/standard-server-node@1.13.13":
  version "1.13.13"
  resolved "https://registry.yarnpkg.com/@orpc/standard-server-node/-/standard-server-node-1.13.13.tgz#a114e06486dbb28c1ad8571d1e5a4898b1a25245"
  integrity sha512-wI45h/bVWn7lgvqqm5aM7vj5BblmmBdFG2wbEhmpY85DslbCtMNJrIw/x+zxm1XgYAzsKLExLp6L01hzjeHmEA==
  dependencies:
    "@orpc/shared" "1.13.13"
    "@orpc/standard-server" "1.13.13"
    "@orpc/standard-server-fetch" "1.13.13"

"@orpc/standard-server-peer@1.13.13":
  version "1.13.13"
  resolved "https://registry.yarnpkg.com/@orpc/standard-server-peer/-/standard-server-peer-1.13.13.tgz#0fdba351a92886f49a0aeb0ee54650de8621cd22"
  integrity sha512-FeWAbXfnZDPYQRajM0hD6GJvHeC3DZILngAjdcLHy5zt3riu6nL2lLPSWDv5yNWWscmYU+CfKmXWd0Z01BOeWA==
  dependencies:
    "@orpc/shared" "1.13.13"
    "@orpc/standard-server" "1.13.13"

"@orpc/standard-server@1.13.13":
  version "1.13.13"
  resolved "https://registry.yarnpkg.com/@orpc/standard-server/-/standard-server-1.13.13.tgz#c6db062804d08aff9c736646146e07025418addc"
  integrity sha512-9pgS8XvauuRQElkyuD8F3om+nN0KBEnTkhblDHCBzkZERjWkmfirJmshQrWHoFaDTk+nnXHIaY6d7TBTxXdPRw==
  dependencies:
    "@orpc/shared" "1.13.13"

"@orpc/tanstack-query@1.13.13":
  version "1.13.13"
  resolved "https://registry.yarnpkg.com/@orpc/tanstack-query/-/tanstack-query-1.13.13.tgz#3a34013416ff9b5dd6bcf7e141e190fb1c7ac368"
  integrity sha512-6+Cheaiu+RDPdszdeRKoBINrF8MQp64zSeZB+L3gqgF43zlYDhLOgELZMzYa6U3U6bLk4rmIeubpk+i1kACfRg==
  dependencies:
    "@orpc/shared" "1.13.13"

"@oxlint/darwin-arm64@0.16.12":
  version "0.16.12"
  resolved "https://registry.yarnpkg.com/@oxlint/darwin-arm64/-/darwin-arm64-0.16.12.tgz#9ac93d9c64f017a63e889512c03c08082281d676"
  integrity sha512-G7phYhlIA4ke2nW7tHLl+E5+rvdzgGA6830D+e+y1RGllT0w2ONGdKcVTj+2pXGCw6yPmCC5fDsDEn2+RPTfxg==

"@oxlint/darwin-x64@0.16.12":
  version "0.16.12"
  resolved "https://registry.yarnpkg.com/@oxlint/darwin-x64/-/darwin-x64-0.16.12.tgz#73c9c08abdd643c4c1be2ef0cbd2a44b84a8de77"
  integrity sha512-P/LSOgJ6SzQ3OKEIf3HsebgokZiZ5nDuTgIL4LpNCHlkOLDu/fT8XL9pSkR5y+60v0SOxUF/+aN0Q8EmxblrCw==

"@oxlint/linux-arm64-gnu@0.16.12":
  version "0.16.12"
  resolved "https://registry.yarnpkg.com/@oxlint/linux-arm64-gnu/-/linux-arm64-gnu-0.16.12.tgz#5b5c600da7472e0b6bc83535c02769ff6073b1ed"
  integrity sha512-0N/ZsW+cL7ZAUvOHbzMp3iApt5b/Q81q2e9RgEzkI6gUDCJK8/blWg0se/i6y9e24WH0ZC4bcxY1+Qz4ZQ+mFw==

"@oxlint/linux-arm64-musl@0.16.12":
  version "0.16.12"
  resolved "https://registry.yarnpkg.com/@oxlint/linux-arm64-musl/-/linux-arm64-musl-0.16.12.tgz#b422405d86358df5a06ee07897b65fdffbeef750"
  integrity sha512-MoG1SIw4RGowsOsPjm5HjRWymisRZWBea7ewMoXA5xIVQ3eqECifG0KJW0OZp96Ad8DFBEavdlNuImB2uXsMwg==

"@oxlint/linux-x64-gnu@0.16.12":
  version "0.16.12"
  resolved "https://registry.yarnpkg.com/@oxlint/linux-x64-gnu/-/linux-x64-gnu-0.16.12.tgz#0c00e2ec3ae83d11be1af2fe77f0ec30297f6171"
  integrity sha512-STho8QdMLfn/0lqRU94tGPaYX8lGJccPbqeUcEr3eK5gZ5ZBdXmiHlvkcngXFEXksYC8/5VoJN7Vf3HsmkEskw==

"@oxlint/linux-x64-musl@0.16.12":
  version "0.16.12"
  resolved "https://registry.yarnpkg.com/@oxlint/linux-x64-musl/-/linux-x64-musl-0.16.12.tgz#0dd4ef01b4a6c3e8d6ac7489c07dc36574720ba8"
  integrity sha512-i7pzSoj9nCg/ZzOe8dCZeFWyRRWDylR9tIX04xRTq3G6PBLm6i9VrOdEkxbgM9+pCkRzUc0a9D7rbtCF34TQUA==

"@oxlint/win32-arm64@0.16.12":
  version "0.16.12"
  resolved "https://registry.yarnpkg.com/@oxlint/win32-arm64/-/win32-arm64-0.16.12.tgz#d26abf017024c4786e19acf2829f476851b2d2fc"
  integrity sha512-wcxq3IBJ7ZlONlXJxQM+7EMx+LX1nkz3ZS3R0EtDM76EOZaqe8BMkW5cXVhF8jarZTZC18oKAckW4Ng9d8adBg==

"@oxlint/win32-x64@0.16.12":
  version "0.16.12"
  resolved "https://registry.yarnpkg.com/@oxlint/win32-x64/-/win32-x64-0.16.12.tgz#b016ebee67409ba86f52320e1d8233781d9ddded"
  integrity sha512-Ae1fx7wmAcMVqzS8rLINaFRpAdh29QzHh133bEYMHzfWBYyK/hLu9g4GLwC/lEIVQu9884b8qutGfdOk6Qia3w==

"@standard-schema/spec@^1.1.0":
  version "1.1.0"
  resolved "https://registry.yarnpkg.com/@standard-schema/spec/-/spec-1.1.0.tgz#a79b55dbaf8604812f52d140b2c9ab41bc150bb8"
  integrity sha512-l2aFy5jALhniG5HgqrD6jXLi/rUWrKvqN/qJx6yoJsgKhblVd+iqqU4RCXavm/jPityDo5TCvKMnpjKnOriy0w==

"@tanstack/query-core@5.96.2":
  version "5.96.2"
  resolved "https://registry.yarnpkg.com/@tanstack/query-core/-/query-core-5.96.2.tgz#766dab253476afd0b27959b66abb606d8d2dd9f5"
  integrity sha512-hzI6cTVh4KNRk8UtoIBS7Lv9g6BnJPXvBKsvYH1aGWvv0347jT3BnSvztOE+kD76XGvZnRC/t6qdW1CaIfwCeA==

"@tanstack/react-query@^5.62.0":
  version "5.96.2"
  resolved "https://registry.yarnpkg.com/@tanstack/react-query/-/react-query-5.96.2.tgz#a164abfb80eb5e7772bbcddfa7240f3fd8d0d7be"
  integrity sha512-sYyzzJT4G0g02azzJ8o55VFFV31XvFpdUpG+unxS0vSaYsJnSPKGoI6WdPwUucJL1wpgGfwfmntNX/Ub1uOViA==
  dependencies:
    "@tanstack/query-core" "5.96.2"

"@types/node@^25.5.2":
  version "25.5.2"
  resolved "https://registry.yarnpkg.com/@types/node/-/node-25.5.2.tgz#94861e32f9ffd8de10b52bbec403465c84fff762"
  integrity sha512-tO4ZIRKNC+MDWV4qKVZe3Ql/woTnmHDr5JD8UI5hn2pwBrHEwOEMZK7WlNb5RKB6EoJ02gwmQS9OrjuFnZYdpg==
  dependencies:
    undici-types "~7.18.0"

"@types/react@^19.0.0":
  version "19.2.14"
  resolved "https://registry.yarnpkg.com/@types/react/-/react-19.2.14.tgz#39604929b5e3957e3a6fa0001dafb17c7af70bad"
  integrity sha512-ilcTH/UniCkMdtexkoCN0bI7pMcJDvmQFPvuPvmEaYA/NSfFTAgdUSLAoVjaRJm7+6PvcM+q1zYOwS4wTYMF9w==
  dependencies:
    csstype "^3.2.2"

cookie@^1.1.1:
  version "1.1.1"
  resolved "https://registry.yarnpkg.com/cookie/-/cookie-1.1.1.tgz#3bb9bdfc82369db9c2f69c93c9c3ceb310c88b3c"
  integrity sha512-ei8Aos7ja0weRpFzJnEA9UHJ/7XQmqglbRwnf2ATjcB9Wq874VKH9kfjjirM6UhU2/E5fFYadylyhFldcqSidQ==

csstype@^3.2.2:
  version "3.2.3"
  resolved "https://registry.yarnpkg.com/csstype/-/csstype-3.2.3.tgz#ec48c0f3e993e50648c86da559e2610995cf989a"
  integrity sha512-z1HGKcYy2xA8AGQfwrn0PAy+PB7X/GSj3UVJW9qKyn43xWa+gl5nXmU4qqLMRzWVLFC8KusUX8T/0kCiOYpAIQ==

esbuild@~0.27.0:
  version "0.27.7"
  resolved "https://registry.yarnpkg.com/esbuild/-/esbuild-0.27.7.tgz#bcadce22b2f3fd76f257e3a64f83a64986fea11f"
  integrity sha512-IxpibTjyVnmrIQo5aqNpCgoACA/dTKLTlhMHihVHhdkxKyPO1uBBthumT0rdHmcsk9uMonIWS0m4FljWzILh3w==
  optionalDependencies:
    "@esbuild/aix-ppc64" "0.27.7"
    "@esbuild/android-arm" "0.27.7"
    "@esbuild/android-arm64" "0.27.7"
    "@esbuild/android-x64" "0.27.7"
    "@esbuild/darwin-arm64" "0.27.7"
    "@esbuild/darwin-x64" "0.27.7"
    "@esbuild/freebsd-arm64" "0.27.7"
    "@esbuild/freebsd-x64" "0.27.7"
    "@esbuild/linux-arm" "0.27.7"
    "@esbuild/linux-arm64" "0.27.7"
    "@esbuild/linux-ia32" "0.27.7"
    "@esbuild/linux-loong64" "0.27.7"
    "@esbuild/linux-mips64el" "0.27.7"
    "@esbuild/linux-ppc64" "0.27.7"
    "@esbuild/linux-riscv64" "0.27.7"
    "@esbuild/linux-s390x" "0.27.7"
    "@esbuild/linux-x64" "0.27.7"
    "@esbuild/netbsd-arm64" "0.27.7"
    "@esbuild/netbsd-x64" "0.27.7"
    "@esbuild/openbsd-arm64" "0.27.7"
    "@esbuild/openbsd-x64" "0.27.7"
    "@esbuild/openharmony-arm64" "0.27.7"
    "@esbuild/sunos-x64" "0.27.7"
    "@esbuild/win32-arm64" "0.27.7"
    "@esbuild/win32-ia32" "0.27.7"
    "@esbuild/win32-x64" "0.27.7"

fsevents@~2.3.3:
  version "2.3.3"
  resolved "https://registry.yarnpkg.com/fsevents/-/fsevents-2.3.3.tgz#cac6407785d03675a2a5e1a5305c697b347d90d6"
  integrity sha512-5xoDfX+fL7faATnagmWPpbFtwh/R77WmMMqqHGS65C3vvB0YHrgF+B1YmZ3441tMj5n63k0212XNoJwzlhffQw==

get-tsconfig@^4.7.5:
  version "4.13.7"
  resolved "https://registry.yarnpkg.com/get-tsconfig/-/get-tsconfig-4.13.7.tgz#b9d8b199b06033ceeea1a93df7ea5765415089bc"
  integrity sha512-7tN6rFgBlMgpBML5j8typ92BKFi2sFQvIdpAqLA2beia5avZDrMs0FLZiM5etShWq5irVyGcGMEA1jcDaK7A/Q==
  dependencies:
    resolve-pkg-maps "^1.0.0"

openapi-types@^12.1.3:
  version "12.1.3"
  resolved "https://registry.yarnpkg.com/openapi-types/-/openapi-types-12.1.3.tgz#471995eb26c4b97b7bd356aacf7b91b73e777dd3"
  integrity sha512-N4YtSYJqghVu4iek2ZUvcN/0aqH1kRDuNqzcycDxhOUpg7GdvLa2F3DgS6yBNhInhv2r/6I0Flkn7CqL8+nIcw==

oxlint@^0.16.0:
  version "0.16.12"
  resolved "https://registry.yarnpkg.com/oxlint/-/oxlint-0.16.12.tgz#0b0b22abe0a011212b524175d2f302d15a657ff8"
  integrity sha512-1oN3P9bzE90zkbjLTc+uICVLwSR+eQaDaYVipS0BtmtmEd3ccQue0y7npCinb35YqKzIv1LZxhoU9nm5fgmQuw==
  optionalDependencies:
    "@oxlint/darwin-arm64" "0.16.12"
    "@oxlint/darwin-x64" "0.16.12"
    "@oxlint/linux-arm64-gnu" "0.16.12"
    "@oxlint/linux-arm64-musl" "0.16.12"
    "@oxlint/linux-x64-gnu" "0.16.12"
    "@oxlint/linux-x64-musl" "0.16.12"
    "@oxlint/win32-arm64" "0.16.12"
    "@oxlint/win32-x64" "0.16.12"

radash@^12.1.1:
  version "12.1.1"
  resolved "https://registry.yarnpkg.com/radash/-/radash-12.1.1.tgz#4858a08a04318a07d6d92d17d11b7528938edd93"
  integrity sha512-h36JMxKRqrAxVD8201FrCpyeNuUY9Y5zZwujr20fFO77tpUtGa6EZzfKw/3WaiBX95fq7+MpsuMLNdSnORAwSA==

resolve-pkg-maps@^1.0.0:
  version "1.0.0"
  resolved "https://registry.yarnpkg.com/resolve-pkg-maps/-/resolve-pkg-maps-1.0.0.tgz#616b3dc2c57056b5588c31cdf4b3d64db133720f"
  integrity sha512-seS2Tj26TBVOC2NIc2rOe2y2ZO7efxITtLZcGSOnHHNOQ7CkiUBfw0Iw2ck6xkIhPwLhKNLS8BO+hEpngQlqzw==

tagged-tag@^1.0.0:
  version "1.0.0"
  resolved "https://registry.yarnpkg.com/tagged-tag/-/tagged-tag-1.0.0.tgz#a0b5917c2864cba54841495abfa3f6b13edcf4d6"
  integrity sha512-yEFYrVhod+hdNyx7g5Bnkkb0G6si8HJurOoOEgC8B/O0uXLHlaey/65KRv6cuWBNhBgHKAROVpc7QyYqE5gFng==

tsx@^4.19.0:
  version "4.21.0"
  resolved "https://registry.yarnpkg.com/tsx/-/tsx-4.21.0.tgz#32aa6cf17481e336f756195e6fe04dae3e6308b1"
  integrity sha512-5C1sg4USs1lfG0GFb2RLXsdpXqBSEhAaA/0kPL01wxzpMqLILNxIxIOKiILz+cdg/pLnOUxFYOR5yhHU666wbw==
  dependencies:
    esbuild "~0.27.0"
    get-tsconfig "^4.7.5"
  optionalDependencies:
    fsevents "~2.3.3"

type-fest@^5.4.4:
  version "5.5.0"
  resolved "https://registry.yarnpkg.com/type-fest/-/type-fest-5.5.0.tgz#78fca72f3a1f9ec964e6ae260db492b070c56f3b"
  integrity sha512-PlBfpQwiUvGViBNX84Yxwjsdhd1TUlXr6zjX7eoirtCPIr08NAmxwa+fcYBTeRQxHo9YC9wwF3m9i700sHma8g==
  dependencies:
    tagged-tag "^1.0.0"

typescript@^5.7.0:
  version "5.9.3"
  resolved "https://registry.yarnpkg.com/typescript/-/typescript-5.9.3.tgz#5b4f59e15310ab17a216f5d6cf53ee476ede670f"
  integrity sha512-jl1vZzPDinLr9eUt3J/t7V6FgNEw9QjvBPdysz9KfQDD41fQrC2Y4vKQdiaUpFT4bXlb1RHhLpp8wtm6M5TgSw==

undici-types@~7.18.0:
  version "7.18.2"
  resolved "https://registry.yarnpkg.com/undici-types/-/undici-types-7.18.2.tgz#29357a89e7b7ca4aef3bf0fd3fd0cd73884229e9"
  integrity sha512-AsuCzffGHJybSaRrmr5eHr81mwJU3kjw6M+uprWvCXiNeN9SOGwQ3Jn8jb8m3Z6izVgknn1R0FTCEAP2QrLY/w==

zod@^3.24.0:
  version "3.25.76"
  resolved "https://registry.yarnpkg.com/zod/-/zod-3.25.76.tgz#26841c3f6fd22a6a2760e7ccb719179768471e34"
  integrity sha512-gzUt/qt81nXsFGKIFcC3YnfEAx5NkunCfnDlvuBSSFS02bcXu4Lmea0AFIUwbLWxWPx3d9p8S5QoaujKcNQxcQ==
